
Microsoft Visual Studio Solution File, Format Version 12.00
# Visual Studio 15
Project("{FAE04EC0-301F-11D3-BF4B-00C04F79EFBC}") = "Assembly-CSharp", "Assembly-CSharp.csproj", "{279C4F33-9646-4235-EB15-F73E7F491CAA}"
EndProject
Project("{FAE04EC0-301F-11D3-BF4B-00C04F79EFBC}") = "Assembly-CSharp-Editor", "Assembly-CSharp-Editor.csproj", "{5C493788-4986-AD59-6B3E-95612C5C42EE}"
EndProject
Global
	GlobalSection(SolutionConfigurationPlatforms) = preSolution
		Debug|Any CPU = Debug|Any CPU
		Release|Any CPU = Release|Any CPU
	EndGlobalSection
	GlobalSection(ProjectConfigurationPlatforms) = postSolution
		{279C4F33-9646-4235-EB15-F73E7F491CAA}.Debug|Any CPU.ActiveCfg = Debug|Any CPU
		{279C4F33-9646-4235-EB15-F73E7F491CAA}.Debug|Any CPU.Build.0 = Debug|Any CPU
		{279C4F33-9646-4235-EB15-F73E7F491CAA}.Release|Any CPU.ActiveCfg = Release|Any CPU
		{279C4F33-9646-4235-EB15-F73E7F491CAA}.Release|Any CPU.Build.0 = Release|Any CPU
		{5C493788-4986-AD59-6B3E-95612C5C42EE}.Debug|Any CPU.ActiveCfg = Debug|Any CPU
		{5C493788-4986-AD59-6B3E-95612C5C42EE}.Debug|Any CPU.Build.0 = Debug|Any CPU
		{5C493788-4986-AD59-6B3E-95612C5C42EE}.Release|Any CPU.ActiveCfg = Release|Any CPU
		{5C493788-4986-AD59-6B3E-95612C5C42EE}.Release|Any CPU.Build.0 = Release|Any CPU
	EndGlobalSection
	GlobalSection(SolutionProperties) = preSolution
		HideSolutionNode = FALSE
	EndGlobalSection
EndGlobal
