
Microsoft Visual Studio Solution File, Format Version 12.00
# Visual Studio 15
Project("{FAE04EC0-301F-11D3-BF4B-00C04F79EFBC}") = "Assembly-CSharp", "Assembly-CSharp.csproj", "{8F338874-0D48-57F2-7F81-2F7F1F9EEF63}"
EndProject
Project("{FAE04EC0-301F-11D3-BF4B-00C04F79EFBC}") = "Assembly-CSharp-Editor", "Assembly-CSharp-Editor.csproj", "{8B040DE6-3545-63FD-ED62-8F0BECA0ABD4}"
EndProject
Global
	GlobalSection(SolutionConfigurationPlatforms) = preSolution
		Debug|Any CPU = Debug|Any CPU
		Release|Any CPU = Release|Any CPU
	EndGlobalSection
	GlobalSection(ProjectConfigurationPlatforms) = postSolution
		{8F338874-0D48-57F2-7F81-2F7F1F9EEF63}.Debug|Any CPU.ActiveCfg = Debug|Any CPU
		{8F338874-0D48-57F2-7F81-2F7F1F9EEF63}.Debug|Any CPU.Build.0 = Debug|Any CPU
		{8F338874-0D48-57F2-7F81-2F7F1F9EEF63}.Release|Any CPU.ActiveCfg = Release|Any CPU
		{8F338874-0D48-57F2-7F81-2F7F1F9EEF63}.Release|Any CPU.Build.0 = Release|Any CPU
		{8B040DE6-3545-63FD-ED62-8F0BECA0ABD4}.Debug|Any CPU.ActiveCfg = Debug|Any CPU
		{8B040DE6-3545-63FD-ED62-8F0BECA0ABD4}.Debug|Any CPU.Build.0 = Debug|Any CPU
		{8B040DE6-3545-63FD-ED62-8F0BECA0ABD4}.Release|Any CPU.ActiveCfg = Release|Any CPU
		{8B040DE6-3545-63FD-ED62-8F0BECA0ABD4}.Release|Any CPU.Build.0 = Release|Any CPU
	EndGlobalSection
	GlobalSection(SolutionProperties) = preSolution
		HideSolutionNode = FALSE
	EndGlobalSection
EndGlobal
