
Microsoft Visual Studio Solution File, Format Version 12.00
# Visual Studio 15
Project("{FAE04EC0-301F-11D3-BF4B-00C04F79EFBC}") = "Assembly-CSharp", "Assembly-CSharp.csproj", "{78823EF3-053A-37CA-4979-07969AB06E03}"
EndProject
Project("{FAE04EC0-301F-11D3-BF4B-00C04F79EFBC}") = "Assembly-CSharp-Editor", "Assembly-CSharp-Editor.csproj", "{16158125-34BC-86B8-C1F7-806A95A597A1}"
EndProject
Project("{FAE04EC0-301F-11D3-BF4B-00C04F79EFBC}") = "TextToTMP.Editor", "TextToTMP.Editor.csproj", "{67E89CCB-19AE-7DDD-D1BF-F930F80DD60F}"
EndProject
Global
	GlobalSection(SolutionConfigurationPlatforms) = preSolution
		Debug|Any CPU = Debug|Any CPU
		Release|Any CPU = Release|Any CPU
	EndGlobalSection
	GlobalSection(ProjectConfigurationPlatforms) = postSolution
		{78823EF3-053A-37CA-4979-07969AB06E03}.Debug|Any CPU.ActiveCfg = Debug|Any CPU
		{78823EF3-053A-37CA-4979-07969AB06E03}.Debug|Any CPU.Build.0 = Debug|Any CPU
		{78823EF3-053A-37CA-4979-07969AB06E03}.Release|Any CPU.ActiveCfg = Release|Any CPU
		{78823EF3-053A-37CA-4979-07969AB06E03}.Release|Any CPU.Build.0 = Release|Any CPU
		{16158125-34BC-86B8-C1F7-806A95A597A1}.Debug|Any CPU.ActiveCfg = Debug|Any CPU
		{16158125-34BC-86B8-C1F7-806A95A597A1}.Debug|Any CPU.Build.0 = Debug|Any CPU
		{16158125-34BC-86B8-C1F7-806A95A597A1}.Release|Any CPU.ActiveCfg = Release|Any CPU
		{16158125-34BC-86B8-C1F7-806A95A597A1}.Release|Any CPU.Build.0 = Release|Any CPU
		{67E89CCB-19AE-7DDD-D1BF-F930F80DD60F}.Debug|Any CPU.ActiveCfg = Debug|Any CPU
		{67E89CCB-19AE-7DDD-D1BF-F930F80DD60F}.Debug|Any CPU.Build.0 = Debug|Any CPU
		{67E89CCB-19AE-7DDD-D1BF-F930F80DD60F}.Release|Any CPU.ActiveCfg = Release|Any CPU
		{67E89CCB-19AE-7DDD-D1BF-F930F80DD60F}.Release|Any CPU.Build.0 = Release|Any CPU
	EndGlobalSection
	GlobalSection(SolutionProperties) = preSolution
		HideSolutionNode = FALSE
	EndGlobalSection
EndGlobal
