
Microsoft Visual Studio Solution File, Format Version 12.00
# Visual Studio 15
Project("{FAE04EC0-301F-11D3-BF4B-00C04F79EFBC}") = "Assembly-CSharp", "Assembly-CSharp.csproj", "{643AE18F-A072-965D-F6A4-09BEA3583A12}"
EndProject
Project("{FAE04EC0-301F-11D3-BF4B-00C04F79EFBC}") = "Assembly-CSharp-Editor", "Assembly-CSharp-Editor.csproj", "{E8C40CB8-075E-2923-F33D-DFF5C6EDB915}"
EndProject
Project("{FAE04EC0-301F-11D3-BF4B-00C04F79EFBC}") = "TextToTMP.Editor", "TextToTMP.Editor.csproj", "{F37FC349-3DA4-9A6C-3899-194A0AD9CF4E}"
EndProject
Global
	GlobalSection(SolutionConfigurationPlatforms) = preSolution
		Debug|Any CPU = Debug|Any CPU
		Release|Any CPU = Release|Any CPU
	EndGlobalSection
	GlobalSection(ProjectConfigurationPlatforms) = postSolution
		{643AE18F-A072-965D-F6A4-09BEA3583A12}.Debug|Any CPU.ActiveCfg = Debug|Any CPU
		{643AE18F-A072-965D-F6A4-09BEA3583A12}.Debug|Any CPU.Build.0 = Debug|Any CPU
		{643AE18F-A072-965D-F6A4-09BEA3583A12}.Release|Any CPU.ActiveCfg = Release|Any CPU
		{643AE18F-A072-965D-F6A4-09BEA3583A12}.Release|Any CPU.Build.0 = Release|Any CPU
		{E8C40CB8-075E-2923-F33D-DFF5C6EDB915}.Debug|Any CPU.ActiveCfg = Debug|Any CPU
		{E8C40CB8-075E-2923-F33D-DFF5C6EDB915}.Debug|Any CPU.Build.0 = Debug|Any CPU
		{E8C40CB8-075E-2923-F33D-DFF5C6EDB915}.Release|Any CPU.ActiveCfg = Release|Any CPU
		{E8C40CB8-075E-2923-F33D-DFF5C6EDB915}.Release|Any CPU.Build.0 = Release|Any CPU
		{F37FC349-3DA4-9A6C-3899-194A0AD9CF4E}.Debug|Any CPU.ActiveCfg = Debug|Any CPU
		{F37FC349-3DA4-9A6C-3899-194A0AD9CF4E}.Debug|Any CPU.Build.0 = Debug|Any CPU
		{F37FC349-3DA4-9A6C-3899-194A0AD9CF4E}.Release|Any CPU.ActiveCfg = Release|Any CPU
		{F37FC349-3DA4-9A6C-3899-194A0AD9CF4E}.Release|Any CPU.Build.0 = Release|Any CPU
	EndGlobalSection
	GlobalSection(SolutionProperties) = preSolution
		HideSolutionNode = FALSE
	EndGlobalSection
EndGlobal
